
Microsoft Visual Studio Solution File, Format Version 12.00
# Visual Studio Version 16
VisualStudioVersion = 16.0.31829.152
MinimumVisualStudioVersion = 10.0.40219.1
Project("{FAE04EC0-301F-11D3-BF4B-00C04F79EFBC}") = "ATMProgram", "ATMProgram\ATMProgram.csproj", "{CE1F16FD-566C-4F6E-9471-2C945B233124}"
EndProject
Global
	GlobalSection(SolutionConfigurationPlatforms) = preSolution
		Debug|Any CPU = Debug|Any CPU
		Release|Any CPU = Release|Any CPU
	EndGlobalSection
	GlobalSection(ProjectConfigurationPlatforms) = postSolution
		{CE1F16FD-566C-4F6E-9471-2C945B233124}.Debug|Any CPU.ActiveCfg = Debug|Any CPU
		{CE1F16FD-566C-4F6E-9471-2C945B233124}.Debug|Any CPU.Build.0 = Debug|Any CPU
		{CE1F16FD-566C-4F6E-9471-2C945B233124}.Release|Any CPU.ActiveCfg = Release|Any CPU
		{CE1F16FD-566C-4F6E-9471-2C945B233124}.Release|Any CPU.Build.0 = Release|Any CPU
	EndGlobalSection
	GlobalSection(SolutionProperties) = preSolution
		HideSolutionNode = FALSE
	EndGlobalSection
	GlobalSection(ExtensibilityGlobals) = postSolution
		SolutionGuid = {3D0CE5A9-478A-4C41-8D84-D1C6A2BFCBFA}
	EndGlobalSection
EndGlobal
